
Microsoft Visual Studio Solution File, Format Version 12.00
# Visual Studio Version 16
VisualStudioVersion = 16.0.29324.140
MinimumVisualStudioVersion = 10.0.40219.1
Project("{9A19103F-16F7-4668-BE54-9A1E7A4F7556}") = "ChuckNorrisJokesConsole", "ChuckNorrisJokesConsole\ChuckNorrisJokesConsole.csproj", "{0E4555E3-6875-40DE-BD11-72A0622095FB}"
EndProject
Project("{9A19103F-16F7-4668-BE54-9A1E7A4F7556}") = "ChuckNorrisJokesLibrary", "ChuckNorrisJokesLibrary\ChuckNorrisJokesLibrary.csproj", "{147E2EED-5E19-4686-B46A-32C9CEB68107}"
EndProject
Project("{9A19103F-16F7-4668-BE54-9A1E7A4F7556}") = "ChuckNorrisJokes.Wpf", "ChuckNorrisJokes.Wpf\ChuckNorrisJokes.Wpf.csproj", "{16A755DF-1D97-4955-AA0F-34F5FB6CC07A}"
EndProject
Project("{FAE04EC0-301F-11D3-BF4B-00C04F79EFBC}") = "ChuckNorrisMobile.Android", "ChuckNorrisMobile\ChuckNorrisMobile.Android\ChuckNorrisMobile.Android.csproj", "{20A9C6A8-6B99-4DDE-9AE0-144D67F9EEDB}"
EndProject
Project("{FAE04EC0-301F-11D3-BF4B-00C04F79EFBC}") = "ChuckNorrisMobile.iOS", "ChuckNorrisMobile\ChuckNorrisMobile.iOS\ChuckNorrisMobile.iOS.csproj", "{15BDA951-5A59-4CB7-A1DA-C71A41F20A89}"
EndProject
Project("{9A19103F-16F7-4668-BE54-9A1E7A4F7556}") = "ChuckNorrisMobile", "ChuckNorrisMobile\ChuckNorrisMobile\ChuckNorrisMobile.csproj", "{56412A02-92CD-4615-BC2C-834CD8E557E7}"
EndProject
Global
	GlobalSection(SolutionConfigurationPlatforms) = preSolution
		Debug|Any CPU = Debug|Any CPU
		Debug|ARM = Debug|ARM
		Debug|ARM64 = Debug|ARM64
		Debug|iPhone = Debug|iPhone
		Debug|iPhoneSimulator = Debug|iPhoneSimulator
		Debug|x64 = Debug|x64
		Debug|x86 = Debug|x86
		Release|Any CPU = Release|Any CPU
		Release|ARM = Release|ARM
		Release|ARM64 = Release|ARM64
		Release|iPhone = Release|iPhone
		Release|iPhoneSimulator = Release|iPhoneSimulator
		Release|x64 = Release|x64
		Release|x86 = Release|x86
	EndGlobalSection
	GlobalSection(ProjectConfigurationPlatforms) = postSolution
		{0E4555E3-6875-40DE-BD11-72A0622095FB}.Debug|Any CPU.ActiveCfg = Debug|Any CPU
		{0E4555E3-6875-40DE-BD11-72A0622095FB}.Debug|Any CPU.Build.0 = Debug|Any CPU
		{0E4555E3-6875-40DE-BD11-72A0622095FB}.Debug|ARM.ActiveCfg = Debug|Any CPU
		{0E4555E3-6875-40DE-BD11-72A0622095FB}.Debug|ARM.Build.0 = Debug|Any CPU
		{0E4555E3-6875-40DE-BD11-72A0622095FB}.Debug|ARM64.ActiveCfg = Debug|Any CPU
		{0E4555E3-6875-40DE-BD11-72A0622095FB}.Debug|ARM64.Build.0 = Debug|Any CPU
		{0E4555E3-6875-40DE-BD11-72A0622095FB}.Debug|iPhone.ActiveCfg = Debug|Any CPU
		{0E4555E3-6875-40DE-BD11-72A0622095FB}.Debug|iPhone.Build.0 = Debug|Any CPU
		{0E4555E3-6875-40DE-BD11-72A0622095FB}.Debug|iPhoneSimulator.ActiveCfg = Debug|Any CPU
		{0E4555E3-6875-40DE-BD11-72A0622095FB}.Debug|iPhoneSimulator.Build.0 = Debug|Any CPU
		{0E4555E3-6875-40DE-BD11-72A0622095FB}.Debug|x64.ActiveCfg = Debug|Any CPU
		{0E4555E3-6875-40DE-BD11-72A0622095FB}.Debug|x64.Build.0 = Debug|Any CPU
		{0E4555E3-6875-40DE-BD11-72A0622095FB}.Debug|x86.ActiveCfg = Debug|Any CPU
		{0E4555E3-6875-40DE-BD11-72A0622095FB}.Debug|x86.Build.0 = Debug|Any CPU
		{0E4555E3-6875-40DE-BD11-72A0622095FB}.Release|Any CPU.ActiveCfg = Release|Any CPU
		{0E4555E3-6875-40DE-BD11-72A0622095FB}.Release|Any CPU.Build.0 = Release|Any CPU
		{0E4555E3-6875-40DE-BD11-72A0622095FB}.Release|ARM.ActiveCfg = Release|Any CPU
		{0E4555E3-6875-40DE-BD11-72A0622095FB}.Release|ARM.Build.0 = Release|Any CPU
		{0E4555E3-6875-40DE-BD11-72A0622095FB}.Release|ARM64.ActiveCfg = Release|Any CPU
		{0E4555E3-6875-40DE-BD11-72A0622095FB}.Release|ARM64.Build.0 = Release|Any CPU
		{0E4555E3-6875-40DE-BD11-72A0622095FB}.Release|iPhone.ActiveCfg = Release|Any CPU
		{0E4555E3-6875-40DE-BD11-72A0622095FB}.Release|iPhone.Build.0 = Release|Any CPU
		{0E4555E3-6875-40DE-BD11-72A0622095FB}.Release|iPhoneSimulator.ActiveCfg = Release|Any CPU
		{0E4555E3-6875-40DE-BD11-72A0622095FB}.Release|iPhoneSimulator.Build.0 = Release|Any CPU
		{0E4555E3-6875-40DE-BD11-72A0622095FB}.Release|x64.ActiveCfg = Release|Any CPU
		{0E4555E3-6875-40DE-BD11-72A0622095FB}.Release|x64.Build.0 = Release|Any CPU
		{0E4555E3-6875-40DE-BD11-72A0622095FB}.Release|x86.ActiveCfg = Release|Any CPU
		{0E4555E3-6875-40DE-BD11-72A0622095FB}.Release|x86.Build.0 = Release|Any CPU
		{147E2EED-5E19-4686-B46A-32C9CEB68107}.Debug|Any CPU.ActiveCfg = Debug|Any CPU
		{147E2EED-5E19-4686-B46A-32C9CEB68107}.Debug|Any CPU.Build.0 = Debug|Any CPU
		{147E2EED-5E19-4686-B46A-32C9CEB68107}.Debug|ARM.ActiveCfg = Debug|Any CPU
		{147E2EED-5E19-4686-B46A-32C9CEB68107}.Debug|ARM.Build.0 = Debug|Any CPU
		{147E2EED-5E19-4686-B46A-32C9CEB68107}.Debug|ARM64.ActiveCfg = Debug|Any CPU
		{147E2EED-5E19-4686-B46A-32C9CEB68107}.Debug|ARM64.Build.0 = Debug|Any CPU
		{147E2EED-5E19-4686-B46A-32C9CEB68107}.Debug|iPhone.ActiveCfg = Debug|Any CPU
		{147E2EED-5E19-4686-B46A-32C9CEB68107}.Debug|iPhone.Build.0 = Debug|Any CPU
		{147E2EED-5E19-4686-B46A-32C9CEB68107}.Debug|iPhoneSimulator.ActiveCfg = Debug|Any CPU
		{147E2EED-5E19-4686-B46A-32C9CEB68107}.Debug|iPhoneSimulator.Build.0 = Debug|Any CPU
		{147E2EED-5E19-4686-B46A-32C9CEB68107}.Debug|x64.ActiveCfg = Debug|Any CPU
		{147E2EED-5E19-4686-B46A-32C9CEB68107}.Debug|x64.Build.0 = Debug|Any CPU
		{147E2EED-5E19-4686-B46A-32C9CEB68107}.Debug|x86.ActiveCfg = Debug|Any CPU
		{147E2EED-5E19-4686-B46A-32C9CEB68107}.Debug|x86.Build.0 = Debug|Any CPU
		{147E2EED-5E19-4686-B46A-32C9CEB68107}.Release|Any CPU.ActiveCfg = Release|Any CPU
		{147E2EED-5E19-4686-B46A-32C9CEB68107}.Release|Any CPU.Build.0 = Release|Any CPU
		{147E2EED-5E19-4686-B46A-32C9CEB68107}.Release|ARM.ActiveCfg = Release|Any CPU
		{147E2EED-5E19-4686-B46A-32C9CEB68107}.Release|ARM.Build.0 = Release|Any CPU
		{147E2EED-5E19-4686-B46A-32C9CEB68107}.Release|ARM64.ActiveCfg = Release|Any CPU
		{147E2EED-5E19-4686-B46A-32C9CEB68107}.Release|ARM64.Build.0 = Release|Any CPU
		{147E2EED-5E19-4686-B46A-32C9CEB68107}.Release|iPhone.ActiveCfg = Release|Any CPU
		{147E2EED-5E19-4686-B46A-32C9CEB68107}.Release|iPhone.Build.0 = Release|Any CPU
		{147E2EED-5E19-4686-B46A-32C9CEB68107}.Release|iPhoneSimulator.ActiveCfg = Release|Any CPU
		{147E2EED-5E19-4686-B46A-32C9CEB68107}.Release|iPhoneSimulator.Build.0 = Release|Any CPU
		{147E2EED-5E19-4686-B46A-32C9CEB68107}.Release|x64.ActiveCfg = Release|Any CPU
		{147E2EED-5E19-4686-B46A-32C9CEB68107}.Release|x64.Build.0 = Release|Any CPU
		{147E2EED-5E19-4686-B46A-32C9CEB68107}.Release|x86.ActiveCfg = Release|Any CPU
		{147E2EED-5E19-4686-B46A-32C9CEB68107}.Release|x86.Build.0 = Release|Any CPU
		{16A755DF-1D97-4955-AA0F-34F5FB6CC07A}.Debug|Any CPU.ActiveCfg = Debug|Any CPU
		{16A755DF-1D97-4955-AA0F-34F5FB6CC07A}.Debug|Any CPU.Build.0 = Debug|Any CPU
		{16A755DF-1D97-4955-AA0F-34F5FB6CC07A}.Debug|ARM.ActiveCfg = Debug|Any CPU
		{16A755DF-1D97-4955-AA0F-34F5FB6CC07A}.Debug|ARM.Build.0 = Debug|Any CPU
		{16A755DF-1D97-4955-AA0F-34F5FB6CC07A}.Debug|ARM64.ActiveCfg = Debug|Any CPU
		{16A755DF-1D97-4955-AA0F-34F5FB6CC07A}.Debug|ARM64.Build.0 = Debug|Any CPU
		{16A755DF-1D97-4955-AA0F-34F5FB6CC07A}.Debug|iPhone.ActiveCfg = Debug|Any CPU
		{16A755DF-1D97-4955-AA0F-34F5FB6CC07A}.Debug|iPhone.Build.0 = Debug|Any CPU
		{16A755DF-1D97-4955-AA0F-34F5FB6CC07A}.Debug|iPhoneSimulator.ActiveCfg = Debug|Any CPU
		{16A755DF-1D97-4955-AA0F-34F5FB6CC07A}.Debug|iPhoneSimulator.Build.0 = Debug|Any CPU
		{16A755DF-1D97-4955-AA0F-34F5FB6CC07A}.Debug|x64.ActiveCfg = Debug|Any CPU
		{16A755DF-1D97-4955-AA0F-34F5FB6CC07A}.Debug|x64.Build.0 = Debug|Any CPU
		{16A755DF-1D97-4955-AA0F-34F5FB6CC07A}.Debug|x86.ActiveCfg = Debug|Any CPU
		{16A755DF-1D97-4955-AA0F-34F5FB6CC07A}.Debug|x86.Build.0 = Debug|Any CPU
		{16A755DF-1D97-4955-AA0F-34F5FB6CC07A}.Release|Any CPU.ActiveCfg = Release|Any CPU
		{16A755DF-1D97-4955-AA0F-34F5FB6CC07A}.Release|Any CPU.Build.0 = Release|Any CPU
		{16A755DF-1D97-4955-AA0F-34F5FB6CC07A}.Release|ARM.ActiveCfg = Release|Any CPU
		{16A755DF-1D97-4955-AA0F-34F5FB6CC07A}.Release|ARM.Build.0 = Release|Any CPU
		{16A755DF-1D97-4955-AA0F-34F5FB6CC07A}.Release|ARM64.ActiveCfg = Release|Any CPU
		{16A755DF-1D97-4955-AA0F-34F5FB6CC07A}.Release|ARM64.Build.0 = Release|Any CPU
		{16A755DF-1D97-4955-AA0F-34F5FB6CC07A}.Release|iPhone.ActiveCfg = Release|Any CPU
		{16A755DF-1D97-4955-AA0F-34F5FB6CC07A}.Release|iPhone.Build.0 = Release|Any CPU
		{16A755DF-1D97-4955-AA0F-34F5FB6CC07A}.Release|iPhoneSimulator.ActiveCfg = Release|Any CPU
		{16A755DF-1D97-4955-AA0F-34F5FB6CC07A}.Release|iPhoneSimulator.Build.0 = Release|Any CPU
		{16A755DF-1D97-4955-AA0F-34F5FB6CC07A}.Release|x64.ActiveCfg = Release|Any CPU
		{16A755DF-1D97-4955-AA0F-34F5FB6CC07A}.Release|x64.Build.0 = Release|Any CPU
		{16A755DF-1D97-4955-AA0F-34F5FB6CC07A}.Release|x86.ActiveCfg = Release|Any CPU
		{16A755DF-1D97-4955-AA0F-34F5FB6CC07A}.Release|x86.Build.0 = Release|Any CPU
		{20A9C6A8-6B99-4DDE-9AE0-144D67F9EEDB}.Debug|Any CPU.ActiveCfg = Debug|Any CPU
		{20A9C6A8-6B99-4DDE-9AE0-144D67F9EEDB}.Debug|Any CPU.Build.0 = Debug|Any CPU
		{20A9C6A8-6B99-4DDE-9AE0-144D67F9EEDB}.Debug|Any CPU.Deploy.0 = Debug|Any CPU
		{20A9C6A8-6B99-4DDE-9AE0-144D67F9EEDB}.Debug|ARM.ActiveCfg = Debug|Any CPU
		{20A9C6A8-6B99-4DDE-9AE0-144D67F9EEDB}.Debug|ARM.Build.0 = Debug|Any CPU
		{20A9C6A8-6B99-4DDE-9AE0-144D67F9EEDB}.Debug|ARM.Deploy.0 = Debug|Any CPU
		{20A9C6A8-6B99-4DDE-9AE0-144D67F9EEDB}.Debug|ARM64.ActiveCfg = Debug|Any CPU
		{20A9C6A8-6B99-4DDE-9AE0-144D67F9EEDB}.Debug|ARM64.Build.0 = Debug|Any CPU
		{20A9C6A8-6B99-4DDE-9AE0-144D67F9EEDB}.Debug|ARM64.Deploy.0 = Debug|Any CPU
		{20A9C6A8-6B99-4DDE-9AE0-144D67F9EEDB}.Debug|iPhone.ActiveCfg = Debug|Any CPU
		{20A9C6A8-6B99-4DDE-9AE0-144D67F9EEDB}.Debug|iPhone.Build.0 = Debug|Any CPU
		{20A9C6A8-6B99-4DDE-9AE0-144D67F9EEDB}.Debug|iPhone.Deploy.0 = Debug|Any CPU
		{20A9C6A8-6B99-4DDE-9AE0-144D67F9EEDB}.Debug|iPhoneSimulator.ActiveCfg = Debug|Any CPU
		{20A9C6A8-6B99-4DDE-9AE0-144D67F9EEDB}.Debug|iPhoneSimulator.Build.0 = Debug|Any CPU
		{20A9C6A8-6B99-4DDE-9AE0-144D67F9EEDB}.Debug|iPhoneSimulator.Deploy.0 = Debug|Any CPU
		{20A9C6A8-6B99-4DDE-9AE0-144D67F9EEDB}.Debug|x64.ActiveCfg = Debug|Any CPU
		{20A9C6A8-6B99-4DDE-9AE0-144D67F9EEDB}.Debug|x64.Build.0 = Debug|Any CPU
		{20A9C6A8-6B99-4DDE-9AE0-144D67F9EEDB}.Debug|x64.Deploy.0 = Debug|Any CPU
		{20A9C6A8-6B99-4DDE-9AE0-144D67F9EEDB}.Debug|x86.ActiveCfg = Debug|Any CPU
		{20A9C6A8-6B99-4DDE-9AE0-144D67F9EEDB}.Debug|x86.Build.0 = Debug|Any CPU
		{20A9C6A8-6B99-4DDE-9AE0-144D67F9EEDB}.Debug|x86.Deploy.0 = Debug|Any CPU
		{20A9C6A8-6B99-4DDE-9AE0-144D67F9EEDB}.Release|Any CPU.ActiveCfg = Release|Any CPU
		{20A9C6A8-6B99-4DDE-9AE0-144D67F9EEDB}.Release|Any CPU.Build.0 = Release|Any CPU
		{20A9C6A8-6B99-4DDE-9AE0-144D67F9EEDB}.Release|Any CPU.Deploy.0 = Release|Any CPU
		{20A9C6A8-6B99-4DDE-9AE0-144D67F9EEDB}.Release|ARM.ActiveCfg = Release|Any CPU
		{20A9C6A8-6B99-4DDE-9AE0-144D67F9EEDB}.Release|ARM.Build.0 = Release|Any CPU
		{20A9C6A8-6B99-4DDE-9AE0-144D67F9EEDB}.Release|ARM.Deploy.0 = Release|Any CPU
		{20A9C6A8-6B99-4DDE-9AE0-144D67F9EEDB}.Release|ARM64.ActiveCfg = Release|Any CPU
		{20A9C6A8-6B99-4DDE-9AE0-144D67F9EEDB}.Release|ARM64.Build.0 = Release|Any CPU
		{20A9C6A8-6B99-4DDE-9AE0-144D67F9EEDB}.Release|ARM64.Deploy.0 = Release|Any CPU
		{20A9C6A8-6B99-4DDE-9AE0-144D67F9EEDB}.Release|iPhone.ActiveCfg = Release|Any CPU
		{20A9C6A8-6B99-4DDE-9AE0-144D67F9EEDB}.Release|iPhone.Build.0 = Release|Any CPU
		{20A9C6A8-6B99-4DDE-9AE0-144D67F9EEDB}.Release|iPhone.Deploy.0 = Release|Any CPU
		{20A9C6A8-6B99-4DDE-9AE0-144D67F9EEDB}.Release|iPhoneSimulator.ActiveCfg = Release|Any CPU
		{20A9C6A8-6B99-4DDE-9AE0-144D67F9EEDB}.Release|iPhoneSimulator.Build.0 = Release|Any CPU
		{20A9C6A8-6B99-4DDE-9AE0-144D67F9EEDB}.Release|iPhoneSimulator.Deploy.0 = Release|Any CPU
		{20A9C6A8-6B99-4DDE-9AE0-144D67F9EEDB}.Release|x64.ActiveCfg = Release|Any CPU
		{20A9C6A8-6B99-4DDE-9AE0-144D67F9EEDB}.Release|x64.Build.0 = Release|Any CPU
		{20A9C6A8-6B99-4DDE-9AE0-144D67F9EEDB}.Release|x64.Deploy.0 = Release|Any CPU
		{20A9C6A8-6B99-4DDE-9AE0-144D67F9EEDB}.Release|x86.ActiveCfg = Release|Any CPU
		{20A9C6A8-6B99-4DDE-9AE0-144D67F9EEDB}.Release|x86.Build.0 = Release|Any CPU
		{20A9C6A8-6B99-4DDE-9AE0-144D67F9EEDB}.Release|x86.Deploy.0 = Release|Any CPU
		{15BDA951-5A59-4CB7-A1DA-C71A41F20A89}.Debug|Any CPU.ActiveCfg = Debug|iPhone
		{15BDA951-5A59-4CB7-A1DA-C71A41F20A89}.Debug|ARM.ActiveCfg = Debug|iPhone
		{15BDA951-5A59-4CB7-A1DA-C71A41F20A89}.Debug|ARM64.ActiveCfg = Debug|iPhone
		{15BDA951-5A59-4CB7-A1DA-C71A41F20A89}.Debug|iPhone.ActiveCfg = Debug|iPhone
		{15BDA951-5A59-4CB7-A1DA-C71A41F20A89}.Debug|iPhone.Build.0 = Debug|iPhone
		{15BDA951-5A59-4CB7-A1DA-C71A41F20A89}.Debug|iPhoneSimulator.ActiveCfg = Debug|iPhoneSimulator
		{15BDA951-5A59-4CB7-A1DA-C71A41F20A89}.Debug|iPhoneSimulator.Build.0 = Debug|iPhoneSimulator
		{15BDA951-5A59-4CB7-A1DA-C71A41F20A89}.Debug|x64.ActiveCfg = Debug|iPhone
		{15BDA951-5A59-4CB7-A1DA-C71A41F20A89}.Debug|x86.ActiveCfg = Debug|iPhone
		{15BDA951-5A59-4CB7-A1DA-C71A41F20A89}.Release|Any CPU.ActiveCfg = Release|iPhone
		{15BDA951-5A59-4CB7-A1DA-C71A41F20A89}.Release|ARM.ActiveCfg = Release|iPhone
		{15BDA951-5A59-4CB7-A1DA-C71A41F20A89}.Release|ARM64.ActiveCfg = Release|iPhone
		{15BDA951-5A59-4CB7-A1DA-C71A41F20A89}.Release|iPhone.ActiveCfg = Release|iPhone
		{15BDA951-5A59-4CB7-A1DA-C71A41F20A89}.Release|iPhone.Build.0 = Release|iPhone
		{15BDA951-5A59-4CB7-A1DA-C71A41F20A89}.Release|iPhoneSimulator.ActiveCfg = Release|iPhoneSimulator
		{15BDA951-5A59-4CB7-A1DA-C71A41F20A89}.Release|iPhoneSimulator.Build.0 = Release|iPhoneSimulator
		{15BDA951-5A59-4CB7-A1DA-C71A41F20A89}.Release|x64.ActiveCfg = Release|iPhone
		{15BDA951-5A59-4CB7-A1DA-C71A41F20A89}.Release|x86.ActiveCfg = Release|iPhone
		{56412A02-92CD-4615-BC2C-834CD8E557E7}.Debug|Any CPU.ActiveCfg = Debug|Any CPU
		{56412A02-92CD-4615-BC2C-834CD8E557E7}.Debug|Any CPU.Build.0 = Debug|Any CPU
		{56412A02-92CD-4615-BC2C-834CD8E557E7}.Debug|ARM.ActiveCfg = Debug|Any CPU
		{56412A02-92CD-4615-BC2C-834CD8E557E7}.Debug|ARM.Build.0 = Debug|Any CPU
		{56412A02-92CD-4615-BC2C-834CD8E557E7}.Debug|ARM64.ActiveCfg = Debug|Any CPU
		{56412A02-92CD-4615-BC2C-834CD8E557E7}.Debug|ARM64.Build.0 = Debug|Any CPU
		{56412A02-92CD-4615-BC2C-834CD8E557E7}.Debug|iPhone.ActiveCfg = Debug|Any CPU
		{56412A02-92CD-4615-BC2C-834CD8E557E7}.Debug|iPhone.Build.0 = Debug|Any CPU
		{56412A02-92CD-4615-BC2C-834CD8E557E7}.Debug|iPhoneSimulator.ActiveCfg = Debug|Any CPU
		{56412A02-92CD-4615-BC2C-834CD8E557E7}.Debug|iPhoneSimulator.Build.0 = Debug|Any CPU
		{56412A02-92CD-4615-BC2C-834CD8E557E7}.Debug|x64.ActiveCfg = Debug|Any CPU
		{56412A02-92CD-4615-BC2C-834CD8E557E7}.Debug|x64.Build.0 = Debug|Any CPU
		{56412A02-92CD-4615-BC2C-834CD8E557E7}.Debug|x86.ActiveCfg = Debug|Any CPU
		{56412A02-92CD-4615-BC2C-834CD8E557E7}.Debug|x86.Build.0 = Debug|Any CPU
		{56412A02-92CD-4615-BC2C-834CD8E557E7}.Release|Any CPU.ActiveCfg = Release|Any CPU
		{56412A02-92CD-4615-BC2C-834CD8E557E7}.Release|Any CPU.Build.0 = Release|Any CPU
		{56412A02-92CD-4615-BC2C-834CD8E557E7}.Release|ARM.ActiveCfg = Release|Any CPU
		{56412A02-92CD-4615-BC2C-834CD8E557E7}.Release|ARM.Build.0 = Release|Any CPU
		{56412A02-92CD-4615-BC2C-834CD8E557E7}.Release|ARM64.ActiveCfg = Release|Any CPU
		{56412A02-92CD-4615-BC2C-834CD8E557E7}.Release|ARM64.Build.0 = Release|Any CPU
		{56412A02-92CD-4615-BC2C-834CD8E557E7}.Release|iPhone.ActiveCfg = Release|Any CPU
		{56412A02-92CD-4615-BC2C-834CD8E557E7}.Release|iPhone.Build.0 = Release|Any CPU
		{56412A02-92CD-4615-BC2C-834CD8E557E7}.Release|iPhoneSimulator.ActiveCfg = Release|Any CPU
		{56412A02-92CD-4615-BC2C-834CD8E557E7}.Release|iPhoneSimulator.Build.0 = Release|Any CPU
		{56412A02-92CD-4615-BC2C-834CD8E557E7}.Release|x64.ActiveCfg = Release|Any CPU
		{56412A02-92CD-4615-BC2C-834CD8E557E7}.Release|x64.Build.0 = Release|Any CPU
		{56412A02-92CD-4615-BC2C-834CD8E557E7}.Release|x86.ActiveCfg = Release|Any CPU
		{56412A02-92CD-4615-BC2C-834CD8E557E7}.Release|x86.Build.0 = Release|Any CPU
	EndGlobalSection
	GlobalSection(SolutionProperties) = preSolution
		HideSolutionNode = FALSE
	EndGlobalSection
	GlobalSection(ExtensibilityGlobals) = postSolution
		SolutionGuid = {BED490D4-C10E-4A8B-81A8-1D7D028B3740}
	EndGlobalSection
EndGlobal
